
Microsoft Visual Studio Solution File, Format Version 12.00
# Visual Studio Version 17
VisualStudioVersion = 17.4.33403.182
MinimumVisualStudioVersion = 10.0.40219.1
Project("{FAE04EC0-301F-11D3-BF4B-00C04F79EFBC}") = "ex14", "ex14\ex14.csproj", "{29AF31E4-5A0E-4D0B-8D38-852AC2DDA28F}"
EndProject
Global
	GlobalSection(SolutionConfigurationPlatforms) = preSolution
		Debug|Any CPU = Debug|Any CPU
		Release|Any CPU = Release|Any CPU
	EndGlobalSection
	GlobalSection(ProjectConfigurationPlatforms) = postSolution
		{29AF31E4-5A0E-4D0B-8D38-852AC2DDA28F}.Debug|Any CPU.ActiveCfg = Debug|Any CPU
		{29AF31E4-5A0E-4D0B-8D38-852AC2DDA28F}.Debug|Any CPU.Build.0 = Debug|Any CPU
		{29AF31E4-5A0E-4D0B-8D38-852AC2DDA28F}.Release|Any CPU.ActiveCfg = Release|Any CPU
		{29AF31E4-5A0E-4D0B-8D38-852AC2DDA28F}.Release|Any CPU.Build.0 = Release|Any CPU
	EndGlobalSection
	GlobalSection(SolutionProperties) = preSolution
		HideSolutionNode = FALSE
	EndGlobalSection
	GlobalSection(ExtensibilityGlobals) = postSolution
		SolutionGuid = {0BCA5008-A21A-4D81-9C5F-195A45735B51}
	EndGlobalSection
EndGlobal
